# This file is automatically @generated by Cargo.
# It is not intended for manual editing.
version = 4

[[package]]
name = "hello_world"
version = "0.1.0"
dependencies = [
 "tabfile",
]

[[package]]
name = "tabfile"
version = "0.2.1"
source = "registry+https://github.com/rust-lang/crates.io-index"
checksum = "61f88701270460f8fe71ff159ff155282fb529e6589a0d195260f4c12f7ff736"
